
Microsoft Visual Studio Solution File, Format Version 12.00
# Visual Studio Version 17
VisualStudioVersion = 17.1.32228.430
MinimumVisualStudioVersion = 10.0.40219.1
Project("{00D1A9C2-B5F0-4AF3-8072-F6C62B433612}") = "Database3", "Database3\Database3.sqlproj", "{9B377104-BFB0-4C0D-8B4D-B9375D75EFCA}"
EndProject
Global
	GlobalSection(SolutionConfigurationPlatforms) = preSolution
		Debug|Any CPU = Debug|Any CPU
		Release|Any CPU = Release|Any CPU
	EndGlobalSection
	GlobalSection(ProjectConfigurationPlatforms) = postSolution
		{9B377104-BFB0-4C0D-8B4D-B9375D75EFCA}.Debug|Any CPU.ActiveCfg = Debug|Any CPU
		{9B377104-BFB0-4C0D-8B4D-B9375D75EFCA}.Debug|Any CPU.Build.0 = Debug|Any CPU
		{9B377104-BFB0-4C0D-8B4D-B9375D75EFCA}.Debug|Any CPU.Deploy.0 = Debug|Any CPU
		{9B377104-BFB0-4C0D-8B4D-B9375D75EFCA}.Release|Any CPU.ActiveCfg = Release|Any CPU
		{9B377104-BFB0-4C0D-8B4D-B9375D75EFCA}.Release|Any CPU.Build.0 = Release|Any CPU
		{9B377104-BFB0-4C0D-8B4D-B9375D75EFCA}.Release|Any CPU.Deploy.0 = Release|Any CPU
	EndGlobalSection
	GlobalSection(SolutionProperties) = preSolution
		HideSolutionNode = FALSE
	EndGlobalSection
	GlobalSection(ExtensibilityGlobals) = postSolution
		SolutionGuid = {C06BDCB2-3DE0-45DE-A836-701073740F93}
	EndGlobalSection
EndGlobal
